{
    "_meta": {
        "hash": {
            "sha256": "94fa534eabc5665e2b8d1bb796c0b840b95d73cb05854a5fd0d89dead0c2b135"
        },
        "pipfile-spec": 6,
        "requires": {},
        "sources": [
            {
                "name": "pypi",
                "url": "https://pypi.org/simple",
                "verify_ssl": true
            }
        ]
    },
    "default": {
        "aiofiles": {
            "hashes": [
                "sha256:22a075c9e5a3810f0c2e48f3008c94d68c65d763b9b03857924c99e57355166c",
                "sha256:b4ec55f4195e3eb5d7abd1bf7e061763e864dd4954231fb8539a0ef8bb8260e5"
            ],
            "markers": "python_version >= '3.8'",
            "version": "==24.1.0"
        },
        "anyio": {
            "hashes": [
                "sha256:1d9fe889df5212298c0c0723fa20479d1b94883a2df44bd3897aa91083316f7a",
                "sha256:b5011f270ab5eb0abf13385f851315585cc37ef330dd88e27ec3d34d651fd47a"
            ],
            "markers": "python_version >= '3.9'",
            "version": "==4.8.0"
        },
        "certifi": {
            "hashes": [
                "sha256:027692e4402ad994f1c42e52a4997a9763c646b73e4096e4d5d6db8af1d6f0fa",
                "sha256:e887ab5cee78ea814d3472169153c2d12cd43b14bd03329a39a9c6e2e80bfba7"
            ],
            "markers": "python_version >= '3.7'",
            "version": "==2026.2.25"
        },
        "charset-normalizer": {
            "hashes": [
                "sha256:06a7e86163334edfc5d20fe104db92fcd666e5a5df0977cb5680a506fe26cc8e",
                "sha256:0c173ce3a681f309f31b87125fecec7a5d1347261ea11ebbb856fa6006b23c8c",
                "sha256:0e28d62a8fc7a1fa411c43bd65e346f3bce9716dc51b897fbe930c5987b402d5",
                "sha256:0e901eb1049fdb80f5bd11ed5ea1e498ec423102f7a9b9e4645d5b8204ff2815",
                "sha256:11afb56037cbc4b1555a34dd69151e8e069bee82e613a73bef6e714ce733585f",
                "sha256:150b8ce8e830eb7ccb029ec9ca36022f756986aaaa7956aad6d9ec90089338c0",
                "sha256:172985e4ff804a7ad08eebec0a1640ece87ba5041d565fff23c8f99c1f389484",
                "sha256:197c1a244a274bb016dd8b79204850144ef77fe81c5b797dc389327adb552407",
                "sha256:1ae6b62897110aa7c79ea2f5dd38d1abca6db663687c0b1ad9aed6f6bae3d9d6",
                "sha256:1cf0a70018692f85172348fe06d3a4b63f94ecb055e13a00c644d368eb82e5b8",
                "sha256:1ed80ff870ca6de33f4d953fda4d55654b9a2b340ff39ab32fa3adbcd718f264",
                "sha256:22c6f0c2fbc31e76c3b8a86fba1a56eda6166e238c29cdd3d14befdb4a4e4815",
                "sha256:231d4da14bcd9301310faf492051bee27df11f2bc7549bc0bb41fef11b82daa2",
                "sha256:259695e2ccc253feb2a016303543d691825e920917e31f894ca1a687982b1de4",
                "sha256:2a24157fa36980478dd1770b585c0f30d19e18f4fb0c47c13aa568f871718579",
                "sha256:2b1a63e8224e401cafe7739f77efd3f9e7f5f2026bda4aead8e59afab537784f",
                "sha256:2bd9d128ef93637a5d7a6af25363cf5dec3fa21cf80e68055aad627f280e8afa",
                "sha256:2e1d8ca8611099001949d1cdfaefc510cf0f212484fe7c565f735b68c78c3c95",
                "sha256:2ef7fedc7a6ecbe99969cd09632516738a97eeb8bd7258bf8a0f23114c057dab",
                "sha256:2f7fdd9b6e6c529d6a2501a2d36b240109e78a8ceaef5687cfcfa2bbe671d297",
                "sha256:30f445ae60aad5e1f8bdbb3108e39f6fbc09f4ea16c815c66578878325f8f15a",
                "sha256:31215157227939b4fb3d740cd23fe27be0439afef67b785a1eb78a3ae69cba9e",
                "sha256:34315ff4fc374b285ad7f4a0bf7dcbfe769e1b104230d40f49f700d4ab6bbd84",
                "sha256:3516bbb8d42169de9e61b8520cbeeeb716f12f4ecfe3fd30a9919aa16c806ca8",
                "sha256:3778fd7d7cd04ae8f54651f4a7a0bd6e39a0cf20f801720a4c21d80e9b7ad6b0",
                "sha256:39f5068d35621da2881271e5c3205125cc456f54e9030d3f723288c873a71bf9",
                "sha256:404a1e552cf5b675a87f0651f8b79f5f1e6fd100ee88dc612f89aa16abd4486f",
                "sha256:419a9d91bd238052642a51938af8ac05da5b3343becde08d5cdeab9046df9ee1",
                "sha256:423fb7e748a08f854a08a222b983f4df1912b1daedce51a72bd24fe8f26a1843",
                "sha256:4482481cb0572180b6fd976a4d5c72a30263e98564da68b86ec91f0fe35e8565",
                "sha256:461598cd852bfa5a61b09cae2b1c02e2efcd166ee5516e243d540ac24bfa68a7",
                "sha256:47955475ac79cc504ef2704b192364e51d0d473ad452caedd0002605f780101c",
                "sha256:48696db7f18afb80a068821504296eb0787d9ce239b91ca15059d1d3eaacf13b",
                "sha256:4be9f4830ba8741527693848403e2c457c16e499100963ec711b1c6f2049b7c7",
                "sha256:4d1d02209e06550bdaef34af58e041ad71b88e624f5d825519da3a3308e22687",
                "sha256:4f41da960b196ea355357285ad1316a00099f22d0929fe168343b99b254729c9",
                "sha256:517ad0e93394ac532745129ceabdf2696b609ec9f87863d337140317ebce1c14",
                "sha256:51fb3c322c81d20567019778cb5a4a6f2dc1c200b886bc0d636238e364848c89",
                "sha256:5273b9f0b5835ff0350c0828faea623c68bfa65b792720c453e22b25cc72930f",
                "sha256:530d548084c4a9f7a16ed4a294d459b4f229db50df689bfe92027452452943a0",
                "sha256:530e8cebeea0d76bdcf93357aa5e41336f48c3dc709ac52da2bb167c5b8271d9",
                "sha256:54fae94be3d75f3e573c9a1b5402dc593de19377013c9a0e4285e3d402dd3a2a",
                "sha256:572d7c822caf521f0525ba1bce1a622a0b85cf47ffbdae6c9c19e3b5ac3c4389",
                "sha256:58c948d0d086229efc484fe2f30c2d382c86720f55cd9bc33591774348ad44e0",
                "sha256:5d11595abf8dd942a77883a39d81433739b287b6aa71620f15164f8096221b30",
                "sha256:5f8ddd609f9e1af8c7bd6e2aca279c931aefecd148a14402d4e368f3171769fd",
                "sha256:5feb91325bbceade6afab43eb3b508c63ee53579fe896c77137ded51c6b6958e",
                "sha256:60c74963d8350241a79cb8feea80e54d518f72c26db618862a8f53e5023deaf9",
                "sha256:613f19aa6e082cf96e17e3ffd89383343d0d589abda756b7764cf78361fd41dc",
                "sha256:659a1e1b500fac8f2779dd9e1570464e012f43e580371470b45277a27baa7532",
                "sha256:695f5c2823691a25f17bc5d5ffe79fa90972cc34b002ac6c843bb8a1720e950d",
                "sha256:69dd852c2f0ad631b8b60cfbe25a28c0058a894de5abb566619c205ce0550eae",
                "sha256:6cceb5473417d28edd20c6c984ab6fee6c6267d38d906823ebfe20b03d607dc2",
                "sha256:71be7e0e01753a89cf024abf7ecb6bca2c81738ead80d43004d9b5e3f1244e64",
                "sha256:74119174722c4349af9708993118581686f343adc1c8c9c007d59be90d077f3f",
                "sha256:74a2e659c7ecbc73562e2a15e05039f1e22c75b7c7618b4b574a3ea9118d1557",
                "sha256:7504e9b7dc05f99a9bbb4525c67a2c155073b44d720470a148b34166a69c054e",
                "sha256:79090741d842f564b1b2827c0b82d846405b744d31e84f18d7a7b41c20e473ff",
                "sha256:7a6967aaf043bceabab5412ed6bd6bd26603dae84d5cb75bf8d9a74a4959d398",
                "sha256:7bda6eebafd42133efdca535b04ccb338ab29467b3f7bf79569883676fc628db",
                "sha256:7edbed096e4a4798710ed6bc75dcaa2a21b68b6c356553ac4823c3658d53743a",
                "sha256:7f9019c9cb613f084481bd6a100b12e1547cf2efe362d873c2e31e4035a6fa43",
                "sha256:802168e03fba8bbc5ce0d866d589e4b1ca751d06edee69f7f3a19c5a9fe6b597",
                "sha256:80d0a5615143c0b3225e5e3ef22c8d5d51f3f72ce0ea6fb84c943546c7b25b6c",
                "sha256:82060f995ab5003a2d6e0f4ad29065b7672b6593c8c63559beefe5b443242c3e",
                "sha256:836ab36280f21fc1a03c99cd05c6b7af70d2697e374c7af0b61ed271401a72a2",
                "sha256:8761ac29b6c81574724322a554605608a9960769ea83d2c73e396f3df896ad54",
                "sha256:87725cfb1a4f1f8c2fc9890ae2f42094120f4b44db9360be5d99a4c6b0e03a9e",
                "sha256:899d28f422116b08be5118ef350c292b36fc15ec2daeb9ea987c89281c7bb5c4",
                "sha256:8bc5f0687d796c05b1e28ab0d38a50e6309906ee09375dd3aff6a9c09dd6e8f4",
                "sha256:8bea55c4eef25b0b19a0337dc4e3f9a15b00d569c77211fa8cde38684f234fb7",
                "sha256:8e5a94886bedca0f9b78fecd6afb6629142fd2605aa70a125d49f4edc6037ee6",
                "sha256:90ca27cd8da8118b18a52d5f547859cc1f8354a00cd1e8e5120df3e30d6279e5",
                "sha256:92734d4d8d187a354a556626c221cd1a892a4e0802ccb2af432a1d85ec012194",
                "sha256:947cf925bc916d90adba35a64c82aace04fa39b46b52d4630ece166655905a69",
                "sha256:95b52c68d64c1878818687a473a10547b3292e82b6f6fe483808fb1468e2f52f",
                "sha256:97d0235baafca5f2b09cf332cc275f021e694e8362c6bb9c96fc9a0eb74fc316",
                "sha256:9ca4c0b502ab399ef89248a2c84c54954f77a070f28e546a85e91da627d1301e",
                "sha256:9cc4fc6c196d6a8b76629a70ddfcd4635a6898756e2d9cac5565cf0654605d73",
                "sha256:9cc6e6d9e571d2f863fa77700701dae73ed5f78881efc8b3f9a4398772ff53e8",
                "sha256:a056d1ad2633548ca18ffa2f85c202cfb48b68615129143915b8dc72a806a923",
                "sha256:a26611d9987b230566f24a0a125f17fe0de6a6aff9f25c9f564aaa2721a5fb88",
                "sha256:a4474d924a47185a06411e0064b803c68be044be2d60e50e8bddcc2649957c1f",
                "sha256:a4ea868bc28109052790eb2b52a9ab33f3aa7adc02f96673526ff47419490e21",
                "sha256:a9e68c9d88823b274cf1e72f28cb5dc89c990edf430b0bfd3e2fb0785bfeabf4",
                "sha256:aa9cccf4a44b9b62d8ba8b4dd06c649ba683e4bf04eea606d2e94cfc2d6ff4d6",
                "sha256:ab30e5e3e706e3063bc6de96b118688cb10396b70bb9864a430f67df98c61ecc",
                "sha256:ac2393c73378fea4e52aa56285a3d64be50f1a12395afef9cce47772f60334c2",
                "sha256:ad8faf8df23f0378c6d527d8b0b15ea4a2e23c89376877c598c4870d1b2c7866",
                "sha256:b35b200d6a71b9839a46b9b7fff66b6638bb52fc9658aa58796b0326595d3021",
                "sha256:b3694e3f87f8ac7ce279d4355645b3c878d24d1424581b46282f24b92f5a4ae2",
                "sha256:b4ff1d35e8c5bd078be89349b6f3a845128e685e751b6ea1169cf2160b344c4d",
                "sha256:bbc8c8650c6e51041ad1be191742b8b421d05bbd3410f43fa2a00c8db87678e8",
                "sha256:bc72863f4d9aba2e8fd9085e63548a324ba706d2ea2c83b260da08a59b9482de",
                "sha256:bf625105bb9eef28a56a943fec8c8a98aeb80e7d7db99bd3c388137e6eb2d237",
                "sha256:c2274ca724536f173122f36c98ce188fd24ce3dad886ec2b7af859518ce008a4",
                "sha256:c45a03a4c69820a399f1dda9e1d8fbf3562eda46e7720458180302021b08f778",
                "sha256:c8ae56368f8cc97c7e40a7ee18e1cedaf8e780cd8bc5ed5ac8b81f238614facb",
                "sha256:c907cdc8109f6c619e6254212e794d6548373cc40e1ec75e6e3823d9135d29cc",
                "sha256:ca0276464d148c72defa8bb4390cce01b4a0e425f3b50d1435aa6d7a18107602",
                "sha256:cd5e2801c89992ed8c0a3f0293ae83c159a60d9a5d685005383ef4caca77f2c4",
                "sha256:d08ec48f0a1c48d75d0356cea971921848fb620fdeba805b28f937e90691209f",
                "sha256:d1a2ee9c1499fc8f86f4521f27a973c914b211ffa87322f4ee33bb35392da2c5",
                "sha256:d5f5d1e9def3405f60e3ca8232d56f35c98fb7bf581efcc60051ebf53cb8b611",
                "sha256:d60377dce4511655582e300dc1e5a5f24ba0cb229005a1d5c8d0cb72bb758ab8",
                "sha256:d73beaac5e90173ac3deb9928a74763a6d230f494e4bfb422c217a0ad8e629bf",
                "sha256:d7de2637729c67d67cf87614b566626057e95c303bc0a55ffe391f5205e7003d",
                "sha256:dad6e0f2e481fffdcf776d10ebee25e0ef89f16d691f1e5dee4b586375fdc64b",
                "sha256:dda86aba335c902b6149a02a55b38e96287157e609200811837678214ba2b1db",
                "sha256:df01808ee470038c3f8dc4f48620df7225c49c2d6639e38f96e6d6ac6e6f7b0e",
                "sha256:e1f6e2f00a6b8edb562826e4632e26d063ac10307e80f7461f7de3ad8ef3f077",
                "sha256:e25369dc110d58ddf29b949377a93e0716d72a24f62bad72b2b39f155949c1fd",
                "sha256:e3c701e954abf6fc03a49f7c579cc80c2c6cc52525340ca3186c41d3f33482ef",
                "sha256:e5bcc1a1ae744e0bb59641171ae53743760130600da8db48cbb6e4918e186e4e",
                "sha256:e68c14b04827dd76dcbd1aeea9e604e3e4b78322d8faf2f8132c7138efa340a8",
                "sha256:e8aeb10fcbe92767f0fa69ad5a72deca50d0dca07fbde97848997d778a50c9fe",
                "sha256:e985a16ff513596f217cee86c21371b8cd011c0f6f056d0920aa2d926c544058",
                "sha256:ecbbd45615a6885fe3240eb9db73b9e62518b611850fdf8ab08bd56de7ad2b17",
                "sha256:ee4ec14bc1680d6b0afab9aea2ef27e26d2024f18b24a2d7155a52b60da7e833",
                "sha256:ef5960d965e67165d75b7c7ffc60a83ec5abfc5c11b764ec13ea54fbef8b4421",
                "sha256:f0cdaecd4c953bfae0b6bb64910aaaca5a424ad9c72d85cb88417bb9814f7550",
                "sha256:f1ce721c8a7dfec21fcbdfe04e8f68174183cf4e8188e0645e92aa23985c57ff",
                "sha256:f50498891691e0864dc3da965f340fada0771f6142a378083dc4608f4ea513e2",
                "sha256:f5ea69428fa1b49573eef0cc44a1d43bebd45ad0c611eb7d7eac760c7ae771bc",
                "sha256:f61aa92e4aad0be58eb6eb4e0c21acf32cf8065f4b2cae5665da756c4ceef982",
                "sha256:f6e4333fb15c83f7d1482a76d45a0818897b3d33f00efd215528ff7c51b8e35d",
                "sha256:f820f24b09e3e779fe84c3c456cb4108a7aa639b0d1f02c28046e11bfcd088ed",
                "sha256:f98059e4fcd3e3e4e2d632b7cf81c2faae96c43c60b569e9c621468082f1d104",
                "sha256:fcce033e4021347d80ed9c66dcf1e7b1546319834b74445f561d2e2221de5659"
            ],
            "markers": "python_version >= '3.7'",
            "version": "==3.4.6"
        },
        "click": {
            "hashes": [
                "sha256:63c132bbbed01578a06712a2d1f497bb62d9c1c0d329b7903a866228027263b2",
                "sha256:ed53c9d8990d83c2a27deae68e4ee337473f6330c040a31d4225c9574d16096a"
            ],
            "markers": "python_version >= '3.7'",
            "version": "==8.1.8"
        },
        "flask": {
            "hashes": [
                "sha256:7b2fb8e934ddd50731893bdcdb00fc8c0315916f9fcd50d22c7cc1a95ab634e2",
                "sha256:cb90f62f1d8e4dc4621f52106613488b5ba826b2e1e10a33eac92f723093ab6a"
            ],
            "index": "pypi",
            "version": "==2.0.2"
        },
        "flask-cors": {
            "hashes": [
                "sha256:74efc975af1194fc7891ff5cd85b0f7478be4f7f59fe158102e91abb72bb4438",
                "sha256:b60839393f3b84a0f3746f6cdca56c1ad7426aa738b70d6c61375857823181de"
            ],
            "index": "pypi",
            "version": "==3.0.10"
        },
        "frontend": {
            "hashes": [
                "sha256:9b36d7092892271431cd693eaca14767acbdbb67f6f6f38dc3e0ff15618c7109",
                "sha256:cdb5e76a0082b9cd3fa8331dbe44c86f007ab6d07c540551078f60318cd2e019"
            ],
            "index": "pypi",
            "markers": "python_version >= '3.8'",
            "version": "==0.0.3"
        },
        "h11": {
            "hashes": [
                "sha256:8f19fbbe99e72420ff35c00b27a34cb9937e902a8b810e2c88300c6f0a3b699d",
                "sha256:e3fe4ac4b851c468cc8363d500db52c2ead036020723024a109d37346efaa761"
            ],
            "markers": "python_version >= '3.7'",
            "version": "==0.14.0"
        },
        "idna": {
            "hashes": [
                "sha256:771a87f49d9defaf64091e6e6fe9c18d4833f140bd19464795bc32d966ca37ea",
                "sha256:795dafcc9c04ed0c1fb032c2aa73654d8e8c5023a7df64a53f39190ada629902"
            ],
            "markers": "python_version >= '3.8'",
            "version": "==3.11"
        },
        "itsdangerous": {
            "hashes": [
                "sha256:c6242fc49e35958c8b15141343aa660db5fc54d4f13a1db01a3f5891b98700ef",
                "sha256:e0050c0b7da1eea53ffaf149c0cfbb5c6e2e2b69c4bef22c81fa6eb73e5f6173"
            ],
            "markers": "python_version >= '3.8'",
            "version": "==2.2.0"
        },
        "jinja2": {
            "hashes": [
                "sha256:827a0e32839ab1600d4eb1c4c33ec5a8edfbc5cb42dafa13b81f182f97784b45",
                "sha256:8569982d3f0889eed11dd620c706d39b60c36d6d25843961f33f77fb6bc6b20c"
            ],
            "markers": "python_version >= '3.6'",
            "version": "==3.0.2"
        },
        "markupsafe": {
            "hashes": [
                "sha256:01a9b8ea66f1658938f65b93a85ebe8bc016e6769611be228d797c9d998dd298",
                "sha256:023cb26ec21ece8dc3907c0e8320058b2e0cb3c55cf9564da612bc325bed5e64",
                "sha256:0446679737af14f45767963a1a9ef7620189912317d095f2d9ffa183a4d25d2b",
                "sha256:04635854b943835a6ea959e948d19dcd311762c5c0c6e1f0e16ee57022669194",
                "sha256:0717a7390a68be14b8c793ba258e075c6f4ca819f15edfc2a3a027c823718567",
                "sha256:0955295dd5eec6cb6cc2fe1698f4c6d84af2e92de33fbcac4111913cd100a6ff",
                "sha256:0d4b31cc67ab36e3392bbf3862cfbadac3db12bdd8b02a2731f509ed5b829724",
                "sha256:10f82115e21dc0dfec9ab5c0223652f7197feb168c940f3ef61563fc2d6beb74",
                "sha256:168cd0a3642de83558a5153c8bd34f175a9a6e7f6dc6384b9655d2697312a646",
                "sha256:1d609f577dc6e1aa17d746f8bd3c31aa4d258f4070d61b2aa5c4166c1539de35",
                "sha256:1f2ade76b9903f39aa442b4aadd2177decb66525062db244b35d71d0ee8599b6",
                "sha256:20dca64a3ef2d6e4d5d615a3fd418ad3bde77a47ec8a23d984a12b5b4c74491a",
                "sha256:2a7d351cbd8cfeb19ca00de495e224dea7e7d919659c2841bbb7f420ad03e2d6",
                "sha256:2d7d807855b419fc2ed3e631034685db6079889a1f01d5d9dac950f764da3dad",
                "sha256:2ef54abee730b502252bcdf31b10dacb0a416229b72c18b19e24a4509f273d26",
                "sha256:36bc903cbb393720fad60fc28c10de6acf10dc6cc883f3e24ee4012371399a38",
                "sha256:37205cac2a79194e3750b0af2a5720d95f786a55ce7df90c3af697bfa100eaac",
                "sha256:3c112550557578c26af18a1ccc9e090bfe03832ae994343cfdacd287db6a6ae7",
                "sha256:3dd007d54ee88b46be476e293f48c85048603f5f516008bee124ddd891398ed6",
                "sha256:4296f2b1ce8c86a6aea78613c34bb1a672ea0e3de9c6ba08a960efe0b0a09047",
                "sha256:47ab1e7b91c098ab893b828deafa1203de86d0bc6ab587b160f78fe6c4011f75",
                "sha256:49e3ceeabbfb9d66c3aef5af3a60cc43b85c33df25ce03d0031a608b0a8b2e3f",
                "sha256:4dc8f9fb58f7364b63fd9f85013b780ef83c11857ae79f2feda41e270468dd9b",
                "sha256:4efca8f86c54b22348a5467704e3fec767b2db12fc39c6d963168ab1d3fc9135",
                "sha256:53edb4da6925ad13c07b6d26c2a852bd81e364f95301c66e930ab2aef5b5ddd8",
                "sha256:5855f8438a7d1d458206a2466bf82b0f104a3724bf96a1c781ab731e4201731a",
                "sha256:594c67807fb16238b30c44bdf74f36c02cdf22d1c8cda91ef8a0ed8dabf5620a",
                "sha256:5b6d930f030f8ed98e3e6c98ffa0652bdb82601e7a016ec2ab5d7ff23baa78d1",
                "sha256:5bb28c636d87e840583ee3adeb78172efc47c8b26127267f54a9c0ec251d41a9",
                "sha256:60bf42e36abfaf9aff1f50f52644b336d4f0a3fd6d8a60ca0d054ac9f713a864",
                "sha256:611d1ad9a4288cf3e3c16014564df047fe08410e628f89805e475368bd304914",
                "sha256:6300b8454aa6930a24b9618fbb54b5a68135092bc666f7b06901f897fa5c2fee",
                "sha256:63f3268ba69ace99cab4e3e3b5840b03340efed0948ab8f78d2fd87ee5442a4f",
                "sha256:6557b31b5e2c9ddf0de32a691f2312a32f77cd7681d8af66c2692efdbef84c18",
                "sha256:693ce3f9e70a6cf7d2fb9e6c9d8b204b6b39897a2c4a1aa65728d5ac97dcc1d8",
                "sha256:6a7fae0dd14cf60ad5ff42baa2e95727c3d81ded453457771d02b7d2b3f9c0c2",
                "sha256:6c4ca60fa24e85fe25b912b01e62cb969d69a23a5d5867682dd3e80b5b02581d",
                "sha256:6fcf051089389abe060c9cd7caa212c707e58153afa2c649f00346ce6d260f1b",
                "sha256:7d91275b0245b1da4d4cfa07e0faedd5b0812efc15b702576d103293e252af1b",
                "sha256:89c687013cb1cd489a0f0ac24febe8c7a666e6e221b783e53ac50ebf68e45d86",
                "sha256:8d206346619592c6200148b01a2142798c989edcb9c896f9ac9722a99d4e77e6",
                "sha256:905fec760bd2fa1388bb5b489ee8ee5f7291d692638ea5f67982d968366bef9f",
                "sha256:97383d78eb34da7e1fa37dd273c20ad4320929af65d156e35a5e2d89566d9dfb",
                "sha256:984d76483eb32f1bcb536dc27e4ad56bba4baa70be32fa87152832cdd9db0833",
                "sha256:99df47edb6bda1249d3e80fdabb1dab8c08ef3975f69aed437cb69d0a5de1e28",
                "sha256:9f02365d4e99430a12647f09b6cc8bab61a6564363f313126f775eb4f6ef798e",
                "sha256:a30e67a65b53ea0a5e62fe23682cfe22712e01f453b95233b25502f7c61cb415",
                "sha256:ab3ef638ace319fa26553db0624c4699e31a28bb2a835c5faca8f8acf6a5a902",
                "sha256:aca6377c0cb8a8253e493c6b451565ac77e98c2951c45f913e0b52facdcff83f",
                "sha256:add36cb2dbb8b736611303cd3bfcee00afd96471b09cda130da3581cbdc56a6d",
                "sha256:b2f4bf27480f5e5e8ce285a8c8fd176c0b03e93dcc6646477d4630e83440c6a9",
                "sha256:b7f2d075102dc8c794cbde1947378051c4e5180d52d276987b8d28a3bd58c17d",
                "sha256:baa1a4e8f868845af802979fcdbf0bb11f94f1cb7ced4c4b8a351bb60d108145",
                "sha256:be98f628055368795d818ebf93da628541e10b75b41c559fdf36d104c5787066",
                "sha256:bf5d821ffabf0ef3533c39c518f3357b171a1651c1ff6827325e4489b0e46c3c",
                "sha256:c47adbc92fc1bb2b3274c4b3a43ae0e4573d9fbff4f54cd484555edbf030baf1",
                "sha256:cdfba22ea2f0029c9261a4bd07e830a8da012291fbe44dc794e488b6c9bb353a",
                "sha256:d6c7ebd4e944c85e2c3421e612a7057a2f48d478d79e61800d81468a8d842207",
                "sha256:d7f9850398e85aba693bb640262d3611788b1f29a79f0c93c565694658f4071f",
                "sha256:d8446c54dc28c01e5a2dbac5a25f071f6653e6e40f3a8818e8b45d790fe6ef53",
                "sha256:deb993cacb280823246a026e3b2d81c493c53de6acfd5e6bfe31ab3402bb37dd",
                "sha256:e0f138900af21926a02425cf736db95be9f4af72ba1bb21453432a07f6082134",
                "sha256:e9936f0b261d4df76ad22f8fee3ae83b60d7c3e871292cd42f40b81b70afae85",
                "sha256:f0567c4dc99f264f49fe27da5f735f414c4e7e7dd850cfd8e69f0862d7c74ea9",
                "sha256:f5653a225f31e113b152e56f154ccbe59eeb1c7487b39b9d9f9cdb58e6c79dc5",
                "sha256:f826e31d18b516f653fe296d967d700fddad5901ae07c622bb3705955e1faa94",
                "sha256:f8ba0e8349a38d3001fae7eadded3f6606f0da5d748ee53cc1dab1d6527b9509",
                "sha256:f9081981fe268bd86831e5c75f7de206ef275defcb82bc70740ae6dc507aee51",
                "sha256:fa130dd50c57d53368c9d59395cb5526eda596d3ffe36666cd81a44d56e48872"
            ],
            "markers": "python_version >= '3.6'",
            "version": "==2.0.1"
        },
        "pycryptodome": {
            "hashes": [
                "sha256:014c758af7fa38cab85b357a496b76f4fc9dda1f731eb28358d66fef7ad4a3e1",
                "sha256:06162fcfed2f9deee8383fd59eaeabc7b7ffc3af50d3fad4000032deb8f700b0",
                "sha256:0ca7a6b4fc1f9fafe990b95c8cda89099797e2cfbf40e55607f2f2f5a3355dcb",
                "sha256:2a4bcc8a9977fee0979079cd33a9e9f0d3ddba5660d35ffe874cf84f1dd399d2",
                "sha256:3c7ed5b07274535979c730daf5817db5e983ea80b04c22579eee8da4ca3ae4f8",
                "sha256:4169ed515742425ff21e4bd3fabbb6994ffb64434472fb72230019bdfa36b939",
                "sha256:428096bbf7a77e207f418dfd4d7c284df8ade81d2dc80f010e92753a3e406ad0",
                "sha256:4ce6b09547bf2c7cede3a017f79502eaed3e819c13cdb3cb357aea1b004e4cc6",
                "sha256:53989477044be41fa4a63da09d5038c2a34b2f4554cfea2e3933b17186ee9e19",
                "sha256:621a90147a5e255fdc2a0fec2d56626b76b5d72ea9e60164c9a5a8976d45b0c9",
                "sha256:6db1f9fa1f52226621905f004278ce7bd90c8f5363ffd5d7ab3755363d98549a",
                "sha256:6eda8a3157c91ba60b26a07bedd6c44ab8bda6cd79b6b5ea9744ba62c39b7b1e",
                "sha256:75e78360d1dd6d02eb288fd8275bb4d147d6e3f5337935c096d11dba1fa84748",
                "sha256:7ff701fc283412e651eaab4319b3cd4eaa0827e94569cd37ee9075d5c05fe655",
                "sha256:8f3a60926be78422e662b0d0b18351b426ce27657101c8a50bad80300de6a701",
                "sha256:a843350d08c3d22f6c09c2f17f020d8dcfa59496165d7425a3fba0045543dda7",
                "sha256:ae29fcd56152f417bfba50a36a56a7a5f9fb74ff80bab98704cac704de6568ab",
                "sha256:ae31cb874f6f0cedbed457c6374e7e54d7ed45c1a4e11a65a9c80968da90a650",
                "sha256:b33c9b3d1327d821e28e9cc3a6512c14f8b17570ddb4cfb9a52247ed0fcc5d8b",
                "sha256:b59bf823cfafde8ef1105d8984f26d1694dff165adb7198b12e3e068d7999b15",
                "sha256:bc3c61ff92efdcc14af4a7b81da71d849c9acee51d8fd8ac9841a7620140d6c6",
                "sha256:ce81b9c6aaa0f920e2ab05eb2b9f4ccd102e3016b2f37125593b16a83a4b0cc2",
                "sha256:d7e5f6f692421e5219aa3b545eb0cffd832cd589a4b9dcd4a5eb4260e2c0d68a",
                "sha256:da796e9221dda61a0019d01742337eb8a322de8598b678a4344ca0a436380315",
                "sha256:ead516e03dfe062aefeafe4a29445a6449b0fc43bc8cb30194b2754917a63798",
                "sha256:ed45ef92d21db33685b789de2c015e9d9a18a74760a8df1fc152faee88cdf741",
                "sha256:f19edd42368e9057c39492947bb99570dc927123e210008f2af7cf9b505c6892",
                "sha256:f9bad2220b80b4ed74f089db012ab5ab5419143a33fad6c8aedcc2a9341eac70",
                "sha256:fce7e22d96030b35345637c563246c24d4513bd3b413e1c40293114837ab8912",
                "sha256:ffd0cac13ff41f2d15ed39dc6ba1d2ad88dd2905d656c33d8235852f5d6151fd"
            ],
            "index": "pypi",
            "version": "==3.11.0"
        },
        "requests": {
            "hashes": [
                "sha256:3324635456fa185245e24865e810cecec7b4caf933d7eb133dcde67d48cee69b",
                "sha256:c7ebc5e8b0f21837386ad0e1c8fe8b829fa5f544d8df3b2253bff14ef29d7652"
            ],
            "index": "pypi",
            "markers": "python_version >= '3.10'",
            "version": "==2.33.0"
        },
        "six": {
            "hashes": [
                "sha256:1e61c37477a1626458e36f7b1d82aa5c9b094fa4802892072e49de9c60c4c926",
                "sha256:8abb2f1d86890a2dfb989f9a77cfcfd3e47c2a354b01111771326f8aa26e0254"
            ],
            "markers": "python_version >= '2.7' and python_version not in '3.0, 3.1, 3.2, 3.3'",
            "version": "==1.16.0"
        },
        "sniffio": {
            "hashes": [
                "sha256:2f6da418d1f1e0fddd844478f41680e794e6051915791a034ff65e5f100525a2",
                "sha256:f4324edc670a0f49750a81b895f35c3adb843cca46f0530f79fc1babb23789dc"
            ],
            "markers": "python_version >= '3.7'",
            "version": "==1.3.1"
        },
        "starlette": {
            "hashes": [
                "sha256:913f0798bd90ba90a9156383bcf1350a17d6259451d0d8ee27fc0cf2db609038",
                "sha256:b359e4567456b28d473d0193f34c0de0ed49710d75ef183a74a5ce0499324f50"
            ],
            "markers": "python_version >= '3.9'",
            "version": "==0.46.0"
        },
        "typing-extensions": {
            "hashes": [
                "sha256:04e5ca0351e0f3f85c6853954072df659d0d13fac324d0072316b67d7794700d",
                "sha256:1a7ead55c7e559dd4dee8856e3a88b41225abfe1ce8df57b7c13915fe121ffb8"
            ],
            "markers": "python_version >= '3.8'",
            "version": "==4.12.2"
        },
        "urllib3": {
            "hashes": [
                "sha256:1b62b6884944a57dbe321509ab94fd4d3b307075e0c2eae991ac71ee15ad38ed",
                "sha256:bf272323e553dfb2e87d9bfd225ca7b0f467b919d7bbd355436d3fd37cb0acd4"
            ],
            "markers": "python_version >= '3.9'",
            "version": "==2.6.3"
        },
        "uvicorn": {
            "hashes": [
                "sha256:023dc038422502fa28a09c7a30bf2b6991512da7dcdb8fd35fe57cfc154126f4",
                "sha256:404051050cd7e905de2c9a7e61790943440b3416f49cb409f965d9dcd0fa73e9"
            ],
            "markers": "python_version >= '3.9'",
            "version": "==0.34.0"
        },
        "werkzeug": {
            "hashes": [
                "sha256:63d3dc1cf60e7b7e35e97fa9861f7397283b75d765afcaefd993d6046899de8f",
                "sha256:aa2bb6fc8dee8d6c504c0ac1e7f5f7dc5810a9903e793b6f715a9f015bdadb9a"
            ],
            "markers": "python_version >= '3.6'",
            "version": "==2.0.2"
        }
    },
    "develop": {}
}
